
Microsoft Visual Studio Solution File, Format Version 12.00
# Visual Studio 2013
VisualStudioVersion = 12.0.30501.0
MinimumVisualStudioVersion = 10.0.40219.1
Project("{FAE04EC0-301F-11D3-BF4B-00C04F79EFBC}") = "OAuthTestWebApp", "OAuthTestWebApp\OAuthTestWebApp.csproj", "{0B4830CF-DEC3-4A81-8ACD-C5F52B30F47E}"
EndProject
Project("{CC5FD16D-436D-48AD-A40C-5A424C6E3E79}") = "OAuthTestWebApp.CloudService", "OAuthTestWebApp.CloudService\OAuthTestWebApp.CloudService.ccproj", "{0216F2D1-F959-4E33-8B1D-6B03E5386F93}"
EndProject
Global
	GlobalSection(SolutionConfigurationPlatforms) = preSolution
		Debug|Any CPU = Debug|Any CPU
		Release|Any CPU = Release|Any CPU
	EndGlobalSection
	GlobalSection(ProjectConfigurationPlatforms) = postSolution
		{0B4830CF-DEC3-4A81-8ACD-C5F52B30F47E}.Debug|Any CPU.ActiveCfg = Debug|Any CPU
		{0B4830CF-DEC3-4A81-8ACD-C5F52B30F47E}.Debug|Any CPU.Build.0 = Debug|Any CPU
		{0B4830CF-DEC3-4A81-8ACD-C5F52B30F47E}.Release|Any CPU.ActiveCfg = Release|Any CPU
		{0B4830CF-DEC3-4A81-8ACD-C5F52B30F47E}.Release|Any CPU.Build.0 = Release|Any CPU
		{0216F2D1-F959-4E33-8B1D-6B03E5386F93}.Debug|Any CPU.ActiveCfg = Debug|Any CPU
		{0216F2D1-F959-4E33-8B1D-6B03E5386F93}.Debug|Any CPU.Build.0 = Debug|Any CPU
		{0216F2D1-F959-4E33-8B1D-6B03E5386F93}.Release|Any CPU.ActiveCfg = Release|Any CPU
		{0216F2D1-F959-4E33-8B1D-6B03E5386F93}.Release|Any CPU.Build.0 = Release|Any CPU
	EndGlobalSection
	GlobalSection(SolutionProperties) = preSolution
		HideSolutionNode = FALSE
	EndGlobalSection
EndGlobal
